
Microsoft Visual Studio Solution File, Format Version 12.00
# Visual Studio Version 17
VisualStudioVersion = 17.3.32901.215
MinimumVisualStudioVersion = 10.0.40219.1
Project("{8BC9CEB8-8B4A-11D0-8D11-00A0C91BC942}") = "kings", "game\msvc\kings\kings.vcxproj", "{72710225-0720-4121-8FBB-6ED8A42023D9}"
	ProjectSection(ProjectDependencies) = postProject
		{3F30FEE8-63C5-4D39-A175-EDD7EA93E9B8} = {3F30FEE8-63C5-4D39-A175-EDD7EA93E9B8}
		{A4AEEA7B-9060-4D11-9AFE-7FE2700D7518} = {A4AEEA7B-9060-4D11-9AFE-7FE2700D7518}
	EndProjectSection
EndProject
Project("{8BC9CEB8-8B4A-11D0-8D11-00A0C91BC942}") = "SDL2Backend", "src\backend\sdl2\sdl2backend.vcxproj", "{A4AEEA7B-9060-4D11-9AFE-7FE2700D7518}"
EndProject
Project("{8BC9CEB8-8B4A-11D0-8D11-00A0C91BC942}") = "apultra", "tools\apultra\VS2017\apultra.vcxproj", "{3F30FEE8-63C5-4D39-A175-EDD7EA93E9B8}"
EndProject
Global
	GlobalSection(SolutionConfigurationPlatforms) = preSolution
		Debug|x86 = Debug|x86
		Release|x86 = Release|x86
	EndGlobalSection
	GlobalSection(ProjectConfigurationPlatforms) = postSolution
		{72710225-0720-4121-8FBB-6ED8A42023D9}.Debug|x86.ActiveCfg = Debug|Win32
		{72710225-0720-4121-8FBB-6ED8A42023D9}.Debug|x86.Build.0 = Debug|Win32
		{72710225-0720-4121-8FBB-6ED8A42023D9}.Release|x86.ActiveCfg = Release|Win32
		{72710225-0720-4121-8FBB-6ED8A42023D9}.Release|x86.Build.0 = Release|Win32
		{A4AEEA7B-9060-4D11-9AFE-7FE2700D7518}.Debug|x86.ActiveCfg = Debug|Win32
		{A4AEEA7B-9060-4D11-9AFE-7FE2700D7518}.Debug|x86.Build.0 = Debug|Win32
		{A4AEEA7B-9060-4D11-9AFE-7FE2700D7518}.Release|x86.ActiveCfg = Release|Win32
		{A4AEEA7B-9060-4D11-9AFE-7FE2700D7518}.Release|x86.Build.0 = Release|Win32
		{3F30FEE8-63C5-4D39-A175-EDD7EA93E9B8}.Debug|x86.ActiveCfg = Debug|Win32
		{3F30FEE8-63C5-4D39-A175-EDD7EA93E9B8}.Debug|x86.Build.0 = Debug|Win32
		{3F30FEE8-63C5-4D39-A175-EDD7EA93E9B8}.Release|x86.ActiveCfg = Release|Win32
		{3F30FEE8-63C5-4D39-A175-EDD7EA93E9B8}.Release|x86.Build.0 = Release|Win32
	EndGlobalSection
	GlobalSection(SolutionProperties) = preSolution
		HideSolutionNode = FALSE
	EndGlobalSection
	GlobalSection(ExtensibilityGlobals) = postSolution
		SolutionGuid = {B12ED83D-4ACB-4F1C-AB49-8A73FAD88AF6}
	EndGlobalSection
EndGlobal
