<?xml version="1.0" encoding="utf-8"?>
<Project ToolsVersion="4.0" xmlns="http://schemas.microsoft.com/developer/msbuild/2003">
  <ItemGroup>
    <Filter Include="generated">
      <UniqueIdentifier>{67DA6AB6-F800-4c08-8B7A-83BB121AAD01}</UniqueIdentifier>
      <Extensions>rc;ico;cur;bmp;dlg;rc2;rct;bin;rgs;gif;jpg;jpeg;jpe;resx;tiff;tif;png;wav;mfcribbon-ms</Extensions>
    </Filter>
    <Filter Include="logic">
      <UniqueIdentifier>{4FC737F1-C7A5-4376-A066-2A32D752A2FF}</UniqueIdentifier>
      <Extensions>cpp;c;cc;cxx;c++;cppm;ixx;def;odl;idl;hpj;bat;asm;asmx</Extensions>
    </Filter>
    <Filter Include="logic\include">
      <UniqueIdentifier>{93995380-89BD-4b04-88EB-625FBE52EBFB}</UniqueIdentifier>
      <Extensions>h;hh;hpp;hxx;h++;hm;inl;inc;ipp;xsd</Extensions>
    </Filter>
    <Filter Include="logic\object">
      <UniqueIdentifier>{cdead4f6-cbd4-4d31-b150-f6079ee837de}</UniqueIdentifier>
    </Filter>
  </ItemGroup>
  <ItemGroup>
    <ClCompile Include="..\..\src\data.c">
      <Filter>logic</Filter>
    </ClCompile>
    <ClCompile Include="..\..\src\game.c">
      <Filter>logic</Filter>
    </ClCompile>
    <ClCompile Include="..\..\src\main.c">
      <Filter>logic</Filter>
    </ClCompile>
    <ClCompile Include="..\..\src\game_util.c">
      <Filter>logic</Filter>
    </ClCompile>
    <ClCompile Include="..\..\src\character.c">
      <Filter>logic\object</Filter>
    </ClCompile>
    <ClCompile Include="..\..\src\enemy.c">
      <Filter>logic\object</Filter>
    </ClCompile>
    <ClCompile Include="..\..\src\gate.c">
      <Filter>logic\object</Filter>
    </ClCompile>
    <ClCompile Include="..\..\src\item.c">
      <Filter>logic\object</Filter>
    </ClCompile>
    <ClCompile Include="..\..\src\pushdoor.c">
      <Filter>logic\object</Filter>
    </ClCompile>
    <ClCompile Include="..\..\src\player.c">
      <Filter>logic\object</Filter>
    </ClCompile>
    <ClCompile Include="..\..\src\trap.c">
      <Filter>logic\object</Filter>
    </ClCompile>
    <ClCompile Include="..\..\src\jewel.c">
      <Filter>logic\object</Filter>
    </ClCompile>
    <ClCompile Include="..\..\src\knife.c">
      <Filter>logic\object</Filter>
    </ClCompile>
    <ClCompile Include="..\..\src\character_move.c">
      <Filter>logic\object</Filter>
    </ClCompile>
  </ItemGroup>
  <ItemGroup>
    <ClInclude Include="..\..\src\game.h">
      <Filter>logic</Filter>
    </ClInclude>
    <ClInclude Include="..\..\src\main.h">
      <Filter>logic</Filter>
    </ClInclude>
    <ClInclude Include="..\..\..\..\include\ap.h">
      <Filter>logic\include</Filter>
    </ClInclude>
    <ClInclude Include="..\..\..\..\include\mplayer.h">
      <Filter>logic\include</Filter>
    </ClInclude>
    <ClInclude Include="..\..\..\..\include\spman.h">
      <Filter>logic\include</Filter>
    </ClInclude>
    <ClInclude Include="..\..\..\..\include\ubox.h">
      <Filter>logic\include</Filter>
    </ClInclude>
    <ClInclude Include="..\..\generated\enemy.h">
      <Filter>generated</Filter>
    </ClInclude>
    <ClInclude Include="..\..\generated\map.h">
      <Filter>generated</Filter>
    </ClInclude>
    <ClInclude Include="..\..\generated\map_summary.h">
      <Filter>generated</Filter>
    </ClInclude>
    <ClInclude Include="..\..\generated\tiles.h">
      <Filter>generated</Filter>
    </ClInclude>
    <ClInclude Include="..\..\src\game_util.h">
      <Filter>logic</Filter>
    </ClInclude>
    <ClInclude Include="..\..\generated\knife.h">
      <Filter>generated</Filter>
    </ClInclude>
    <ClInclude Include="..\..\generated\playerpickax.h">
      <Filter>generated</Filter>
    </ClInclude>
    <ClInclude Include="..\..\generated\playermove.h">
      <Filter>generated</Filter>
    </ClInclude>
    <ClInclude Include="..\..\generated\playerattack.h">
      <Filter>generated</Filter>
    </ClInclude>
    <ClInclude Include="..\..\generated\playerdigging.h">
      <Filter>generated</Filter>
    </ClInclude>
    <ClInclude Include="..\..\generated\playerknife.h">
      <Filter>generated</Filter>
    </ClInclude>
    <ClInclude Include="..\..\src\character.h">
      <Filter>logic\object</Filter>
    </ClInclude>
    <ClInclude Include="..\..\src\enemy.h">
      <Filter>logic\object</Filter>
    </ClInclude>
    <ClInclude Include="..\..\src\gate.h">
      <Filter>logic\object</Filter>
    </ClInclude>
    <ClInclude Include="..\..\src\item.h">
      <Filter>logic\object</Filter>
    </ClInclude>
    <ClInclude Include="..\..\src\pushdoor.h">
      <Filter>logic\object</Filter>
    </ClInclude>
    <ClInclude Include="..\..\src\player.h">
      <Filter>logic\object</Filter>
    </ClInclude>
    <ClInclude Include="..\..\src\trap.h">
      <Filter>logic\object</Filter>
    </ClInclude>
    <ClInclude Include="..\..\src\jewel.h">
      <Filter>logic\object</Filter>
    </ClInclude>
    <ClInclude Include="..\..\src\knife.h">
      <Filter>logic\object</Filter>
    </ClInclude>
    <ClInclude Include="..\..\src\character_move.h">
      <Filter>logic\object</Filter>
    </ClInclude>
  </ItemGroup>
</Project>